Microsoft Visual Studio Solution File, Format Version 12.00
# Visual Studio 15
VisualStudioVersion = 15.0.26430.14
MinimumVisualStudioVersion = 10.0.40219.1
Project("{FAE04EC0-301F-11D3-BF4B-00C04F79EFBC}") = "APIMATICCalculator.Standard", "APIMATICCalculator.Standard/APIMATICCalculator.Standard.csproj", "{c16faa16-cb96-420c-ae84-7c835865e9c3}"
EndProject
Project("{FAE04EC0-301F-11D3-BF4B-00C04F79EFBC}") = "APIMATICCalculator.Tests", "APIMATICCalculator.Tests/APIMATICCalculator.Tests.csproj", "{441df3bd-7ded-4854-916d-0b91534e296b}"
EndProject
Global
    GlobalSection(SolutionConfigurationPlatforms) = preSolution
        Debug|Any CPU = Debug|Any CPU
        Release|Any CPU = Release|Any CPU
    EndGlobalSection
    GlobalSection(ProjectConfigurationPlatforms) = postSolution
        {c16faa16-cb96-420c-ae84-7c835865e9c3}.Debug|Any CPU.ActiveCfg = Debug|Any CPU
        {c16faa16-cb96-420c-ae84-7c835865e9c3}.Debug|Any CPU.Build.0 = Debug|Any CPU
        {c16faa16-cb96-420c-ae84-7c835865e9c3}.Release|Any CPU.ActiveCfg = Release|Any CPU
        {c16faa16-cb96-420c-ae84-7c835865e9c3}.Release|Any CPU.Build.0 = Release|Any CPU
        {441df3bd-7ded-4854-916d-0b91534e296b}.Debug|Any CPU.ActiveCfg = Debug|Any CPU
        {441df3bd-7ded-4854-916d-0b91534e296b}.Debug|Any CPU.Build.0 = Debug|Any CPU
        {441df3bd-7ded-4854-916d-0b91534e296b}.Release|Any CPU.ActiveCfg = Release|Any CPU
        {441df3bd-7ded-4854-916d-0b91534e296b}.Release|Any CPU.Build.0 = Release|Any CPU
    EndGlobalSection
    GlobalSection(SolutionProperties) = preSolution
        HideSolutionNode = FALSE
    EndGlobalSection
EndGlobal
